{
    "_readme": [
        "This file locks the dependencies of your project to a known state",
        "Read more about it at https://getcomposer.org/doc/01-basic-usage.md#installing-dependencies",
        "This file is @generated automatically"
    ],
    "content-hash": "387dfa4e007cd54ba16754be1639adcf",
    "packages": [
        {
            "name": "brick/math",
            "version": "0.19.1",
            "source": {
                "type": "git",
                "url": "https://github.com/brick/math.git",
                "reference": "a89bc96a7cf3d7b59e725afe57ccb95eb03cf6ce"
            },
            "dist": {
                "type": "zip",
                "url": "https://api.github.com/repos/brick/math/zipball/a89bc96a7cf3d7b59e725afe57ccb95eb03cf6ce",
                "reference": "a89bc96a7cf3d7b59e725afe57ccb95eb03cf6ce",
                "shasum": ""
            },
            "require": {
                "php": "^8.2"
            },
            "require-dev": {
                "phpstan/phpstan": "2.1.22",
                "phpunit/phpunit": "^11.5"
            },
            "type": "library",
            "autoload": {
                "psr-4": {
                    "Brick\\Math\\": "src/"
                }
            },
            "notification-url": "https://packagist.org/downloads/",
            "license": [
                "MIT"
            ],
            "description": "Arbitrary-precision arithmetic library",
            "keywords": [
                "Arbitrary-precision",
                "BigInteger",
                "BigRational",
                "arithmetic",
                "bigdecimal",
                "bignum",
                "bignumber",
                "brick",
                "decimal",
                "integer",
                "math",
                "mathematics",
                "rational"
            ],
            "support": {
                "issues": "https://github.com/brick/math/issues",
                "source": "https://github.com/brick/math/tree/0.19.1"
            },
            "funding": [
                {
                    "url": "https://github.com/BenMorel",
                    "type": "github"
                }
            ],
            "time": "2026-08-08T23:03:16+00:00"
        },
        {
            "name": "brick/money",
            "version": "0.14.1",
            "source": {
                "type": "git",
                "url": "https://github.com/brick/money.git",
                "reference": "5381a1a6b896d8d57205cbeb8ee01560094a0ca5"
            },
            "dist": {
                "type": "zip",
                "url": "https://api.github.com/repos/brick/money/zipball/5381a1a6b896d8d57205cbeb8ee01560094a0ca5",
                "reference": "5381a1a6b896d8d57205cbeb8ee01560094a0ca5",
                "shasum": ""
            },
            "require": {
                "brick/math": "~0.15.0 || ~0.16.0 || ~0.17.0 || ~0.18.0 || ~0.19.0",
                "php": "^8.2",
                "psr/simple-cache": "^2.0 || ^3.0"
            },
            "require-dev": {
                "brick/varexporter": "0.7.0",
                "ext-dom": "*",
                "ext-pdo": "*",
                "phpstan/phpstan": "2.1.40",
                "phpunit/phpunit": "^11.0"
            },
            "suggest": {
                "ext-intl": "Required to format Money objects"
            },
            "type": "library",
            "autoload": {
                "psr-4": {
                    "Brick\\Money\\": "src/"
                }
            },
            "notification-url": "https://packagist.org/downloads/",
            "license": [
                "MIT"
            ],
            "description": "Money and currency library",
            "keywords": [
                "brick",
                "currency",
                "money"
            ],
            "support": {
                "issues": "https://github.com/brick/money/issues",
                "source": "https://github.com/brick/money/tree/0.14.1"
            },
            "funding": [
                {
                    "url": "https://github.com/BenMorel",
                    "type": "github"
                }
            ],
            "time": "2026-07-30T22:32:40+00:00"
        },
        {
            "name": "psr/simple-cache",
            "version": "3.0.0",
            "source": {
                "type": "git",
                "url": "https://github.com/php-fig/simple-cache.git",
                "reference": "764e0b3939f5ca87cb904f570ef9be2d78a07865"
            },
            "dist": {
                "type": "zip",
                "url": "https://api.github.com/repos/php-fig/simple-cache/zipball/764e0b3939f5ca87cb904f570ef9be2d78a07865",
                "reference": "764e0b3939f5ca87cb904f570ef9be2d78a07865",
                "shasum": ""
            },
            "require": {
                "php": ">=8.0.0"
            },
            "type": "library",
            "extra": {
                "branch-alias": {
                    "dev-master": "3.0.x-dev"
                }
            },
            "autoload": {
                "psr-4": {
                    "Psr\\SimpleCache\\": "src/"
                }
            },
            "notification-url": "https://packagist.org/downloads/",
            "license": [
                "MIT"
            ],
            "authors": [
                {
                    "name": "PHP-FIG",
                    "homepage": "https://www.php-fig.org/"
                }
            ],
            "description": "Common interfaces for simple caching",
            "keywords": [
                "cache",
                "caching",
                "psr",
                "psr-16",
                "simple-cache"
            ],
            "support": {
                "source": "https://github.com/php-fig/simple-cache/tree/3.0.0"
            },
            "time": "2021-10-29T13:26:27+00:00"
        }
    ],
    "packages-dev": [],
    "aliases": [],
    "minimum-stability": "stable",
    "stability-flags": {},
    "prefer-stable": false,
    "prefer-lowest": false,
    "platform": {
        "php": "*"
    },
    "platform-dev": {},
    "plugin-api-version": "2.9.0"
}
